
Microsoft Visual Studio Solution File, Format Version 12.00
# Visual Studio Version 16
VisualStudioVersion = 16.0.30523.141
MinimumVisualStudioVersion = 10.0.40219.1
Project("{9A19103F-16F7-4668-BE54-9A1E7A4F7556}") = "Commander", "Commander\Commander.csproj", "{28F326B2-C542-4C54-9DBB-69A583B14E25}"
EndProject
Project("{FAE04EC0-301F-11D3-BF4B-00C04F79EFBC}") = "Commander.TEST", "CommanderTestProject\Commander.TEST.csproj", "{C8A17BAB-CE3A-429F-AFE3-12E088935DE0}"
EndProject
Global
	GlobalSection(SolutionConfigurationPlatforms) = preSolution
		Debug|Any CPU = Debug|Any CPU
		Release|Any CPU = Release|Any CPU
	EndGlobalSection
	GlobalSection(ProjectConfigurationPlatforms) = postSolution
		{28F326B2-C542-4C54-9DBB-69A583B14E25}.Debug|Any CPU.ActiveCfg = Debug|Any CPU
		{28F326B2-C542-4C54-9DBB-69A583B14E25}.Debug|Any CPU.Build.0 = Debug|Any CPU
		{28F326B2-C542-4C54-9DBB-69A583B14E25}.Release|Any CPU.ActiveCfg = Release|Any CPU
		{28F326B2-C542-4C54-9DBB-69A583B14E25}.Release|Any CPU.Build.0 = Release|Any CPU
		{C8A17BAB-CE3A-429F-AFE3-12E088935DE0}.Debug|Any CPU.ActiveCfg = Debug|Any CPU
		{C8A17BAB-CE3A-429F-AFE3-12E088935DE0}.Debug|Any CPU.Build.0 = Debug|Any CPU
		{C8A17BAB-CE3A-429F-AFE3-12E088935DE0}.Release|Any CPU.ActiveCfg = Release|Any CPU
		{C8A17BAB-CE3A-429F-AFE3-12E088935DE0}.Release|Any CPU.Build.0 = Release|Any CPU
	EndGlobalSection
	GlobalSection(SolutionProperties) = preSolution
		HideSolutionNode = FALSE
	EndGlobalSection
	GlobalSection(ExtensibilityGlobals) = postSolution
		SolutionGuid = {462302EF-A42F-41AE-92D5-486EE620A906}
	EndGlobalSection
EndGlobal
